// !$*UTF8*$!
{
	archiveVersion = 1;
	classes = {
	};
	objectVersion = 46;
	objects = {

/* Begin PBXBuildFile section */
		9D042E0E1671725500F52B34 /* UIKit.framework in Frameworks */ = {isa = PBXBuildFile; fileRef = 9D042E0D1671725500F52B34 /* UIKit.framework */; };
		9D042E101671725500F52B34 /* Foundation.framework in Frameworks */ = {isa = PBXBuildFile; fileRef = 9D042E0F1671725500F52B34 /* Foundation.framework */; };
		9D042E121671725500F52B34 /* CoreGraphics.framework in Frameworks */ = {isa = PBXBuildFile; fileRef = 9D042E111671725500F52B34 /* CoreGraphics.framework */; };
		9D042E181671725500F52B34 /* InfoPlist.strings in Resources */ = {isa = PBXBuildFile; fileRef = 9D042E161671725500F52B34 /* InfoPlist.strings */; };
		9D042E1A1671725500F52B34 /* main.m in Sources */ = {isa = PBXBuildFile; fileRef = 9D042E191671725500F52B34 /* main.m */; };
		9D042E1E1671725500F52B34 /* AppDelegate.m in Sources */ = {isa = PBXBuildFile; fileRef = 9D042E1D1671725500F52B34 /* AppDelegate.m */; };
		9D042E201671725500F52B34 /* Default.png in Resources */ = {isa = PBXBuildFile; fileRef = 9D042E1F1671725500F52B34 /* Default.png */; };
		9D042E221671725500F52B34 /* Default@2x.png in Resources */ = {isa = PBXBuildFile; fileRef = 9D042E211671725500F52B34 /* Default@2x.png */; };
		9D042E241671725500F52B34 /* Default-568h@2x.png in Resources */ = {isa = PBXBuildFile; fileRef = 9D042E231671725500F52B34 /* Default-568h@2x.png */; };
		9D042E271671725500F52B34 /* ViewController.m in Sources */ = {isa = PBXBuildFile; fileRef = 9D042E261671725500F52B34 /* ViewController.m */; };
		9D042E2A1671725500F52B34 /* ViewController.xib in Resources */ = {isa = PBXBuildFile; fileRef = 9D042E281671725500F52B34 /* ViewController.xib */; };
		9D042E3A167172E500F52B34 /* AddEventView.m in Sources */ = {isa = PBXBuildFile; fileRef = 9D042E39167172E500F52B34 /* AddEventView.m */; };
		9D042E411671731E00F52B34 /* AddEventView.xib in Resources */ = {isa = PBXBuildFile; fileRef = 9D042E401671731E00F52B34 /* AddEventView.xib */; };
/* End PBXBuildFile section */

/* Begin PBXFileReference section */
		9D042E091671725500F52B34 /* week3.app */ = {isa = PBXFileReference; explicitFileType = wrapper.application; includeInIndex = 0; path = week3.app; sourceTree = BUILT_PRODUCTS_DIR; };
		9D042E0D1671725500F52B34 /* UIKit.framework */ = {isa = PBXFileReference; lastKnownFileType = wrapper.framework; name = UIKit.framework; path = System/Library/Frameworks/UIKit.framework; sourceTree = SDKROOT; };
		9D042E0F1671725500F52B34 /* Foundation.framework */ = {isa = PBXFileReference; lastKnownFileType = wrapper.framework; name = Foundation.framework; path = System/Library/Frameworks/Foundation.framework; sourceTree = SDKROOT; };
		9D042E111671725500F52B34 /* CoreGraphics.framework */ = {isa = PBXFileReference; lastKnownFileType = wrapper.framework; name = CoreGraphics.framework; path = System/Library/Frameworks/CoreGraphics.framework; sourceTree = SDKROOT; };
		9D042E151671725500F52B34 /* week3-Info.plist */ = {isa = PBXFileReference; lastKnownFileType = text.plist.xml; path = "week3-Info.plist"; sourceTree = "<group>"; };
		9D042E171671725500F52B34 /* en */ = {isa = PBXFileReference; lastKnownFileType = text.plist.strings; name = en; path = en.lproj/InfoPlist.strings; sourceTree = "<group>"; };
		9D042E191671725500F52B34 /* main.m */ = {isa = PBXFileReference; lastKnownFileType = sourcecode.c.objc; path = main.m; sourceTree = "<group>"; };
		9D042E1B1671725500F52B34 /* week3-Prefix.pch */ = {isa = PBXFileReference; lastKnownFileType = sourcecode.c.h; path = "week3-Prefix.pch"; sourceTree = "<group>"; };
		9D042E1C1671725500F52B34 /* AppDelegate.h */ = {isa = PBXFileReference; lastKnownFileType = sourcecode.c.h; path = AppDelegate.h; sourceTree = "<group>"; };
		9D042E1D1671725500F52B34 /* AppDelegate.m */ = {isa = PBXFileReference; lastKnownFileType = sourcecode.c.objc; path = AppDelegate.m; sourceTree = "<group>"; };
		9D042E1F1671725500F52B34 /* Default.png */ = {isa = PBXFileReference; lastKnownFileType = image.png; path = Default.png; sourceTree = "<group>"; };
		9D042E211671725500F52B34 /* Default@2x.png */ = {isa = PBXFileReference; lastKnownFileType = image.png; path = "Default@2x.png"; sourceTree = "<group>"; };
		9D042E231671725500F52B34 /* Default-568h@2x.png */ = {isa = PBXFileReference; lastKnownFileType = image.png; path = "Default-568h@2x.png"; sourceTree = "<group>"; };
		9D042E251671725500F52B34 /* ViewController.h */ = {isa = PBXFileReference; lastKnownFileType = sourcecode.c.h; path = ViewController.h; sourceTree = "<group>"; };
		9D042E261671725500F52B34 /* ViewController.m */ = {isa = PBXFileReference; lastKnownFileType = sourcecode.c.objc; path = ViewController.m; sourceTree = "<group>"; };
		9D042E291671725500F52B34 /* en */ = {isa = PBXFileReference; lastKnownFileType = file.xib; name = en; path = en.lproj/ViewController.xib; sourceTree = "<group>"; };
		9D042E38167172E500F52B34 /* AddEventView.h */ = {isa = PBXFileReference; fileEncoding = 4; lastKnownFileType = sourcecode.c.h; path = AddEventView.h; sourceTree = "<group>"; };
		9D042E39167172E500F52B34 /* AddEventView.m */ = {isa = PBXFileReference; fileEncoding = 4; lastKnownFileType = sourcecode.c.objc; path = AddEventView.m; sourceTree = "<group>"; };
		9D042E401671731E00F52B34 /* AddEventView.xib */ = {isa = PBXFileReference; fileEncoding = 4; lastKnownFileType = file.xib; path = AddEventView.xib; sourceTree = "<group>"; };
/* End PBXFileReference section */

/* Begin PBXFrameworksBuildPhase section */
		9D042E061671725500F52B34 /* Frameworks */ = {
			isa = PBXFrameworksBuildPhase;
			buildActionMask = 2147483647;
			files = (
				9D042E0E1671725500F52B34 /* UIKit.framework in Frameworks */,
				9D042E101671725500F52B34 /* Foundation.framework in Frameworks */,
				9D042E121671725500F52B34 /* CoreGraphics.framework in Frameworks */,
			);
			runOnlyForDeploymentPostprocessing = 0;
		};
/* End PBXFrameworksBuildPhase section */

/* Begin PBXGroup section */
		9D042DFE1671725500F52B34 = {
			isa = PBXGroup;
			children = (
				9D042E131671725500F52B34 /* week3 */,
				9D042E0C1671725500F52B34 /* Frameworks */,
				9D042E0A1671725500F52B34 /* Products */,
			);
			sourceTree = "<group>";
		};
		9D042E0A1671725500F52B34 /* Products */ = {
			isa = PBXGroup;
			children = (
				9D042E091671725500F52B34 /* week3.app */,
			);
			name = Products;
			sourceTree = "<group>";
		};
		9D042E0C1671725500F52B34 /* Frameworks */ = {
			isa = PBXGroup;
			children = (
				9D042E0D1671725500F52B34 /* UIKit.framework */,
				9D042E0F1671725500F52B34 /* Foundation.framework */,
				9D042E111671725500F52B34 /* CoreGraphics.framework */,
			);
			name = Frameworks;
			sourceTree = "<group>";
		};
		9D042E131671725500F52B34 /* week3 */ = {
			isa = PBXGroup;
			children = (
				9D042E1C1671725500F52B34 /* AppDelegate.h */,
				9D042E1D1671725500F52B34 /* AppDelegate.m */,
				9D042E401671731E00F52B34 /* AddEventView.xib */,
				9D042E251671725500F52B34 /* ViewController.h */,
				9D042E38167172E500F52B34 /* AddEventView.h */,
				9D042E39167172E500F52B34 /* AddEventView.m */,
				9D042E261671725500F52B34 /* ViewController.m */,
				9D042E281671725500F52B34 /* ViewController.xib */,
				9D042E141671725500F52B34 /* Supporting Files */,
			);
			path = week3;
			sourceTree = "<group>";
		};
		9D042E141671725500F52B34 /* Supporting Files */ = {
			isa = PBXGroup;
			children = (
				9D042E151671725500F52B34 /* week3-Info.plist */,
				9D042E161671725500F52B34 /* InfoPlist.strings */,
				9D042E191671725500F52B34 /* main.m */,
				9D042E1B1671725500F52B34 /* week3-Prefix.pch */,
				9D042E1F1671725500F52B34 /* Default.png */,
				9D042E211671725500F52B34 /* Default@2x.png */,
				9D042E231671725500F52B34 /* Default-568h@2x.png */,
			);
			name = "Supporting Files";
			sourceTree = "<group>";
		};
/* End PBXGroup section */

/* Begin PBXNativeTarget section */
		9D042E081671725500F52B34 /* week3 */ = {
			isa = PBXNativeTarget;
			buildConfigurationList = 9D042E2D1671725500F52B34 /* Build configuration list for PBXNativeTarget "week3" */;
			buildPhases = (
				9D042E051671725500F52B34 /* Sources */,
				9D042E061671725500F52B34 /* Frameworks */,
				9D042E071671725500F52B34 /* Resources */,
			);
			buildRules = (
			);
			dependencies = (
			);
			name = week3;
			productName = week3;
			productReference = 9D042E091671725500F52B34 /* week3.app */;
			productType = "com.apple.product-type.application";
		};
/* End PBXNativeTarget section */

/* Begin PBXProject section */
		9D042E001671725500F52B34 /* Project object */ = {
			isa = PBXProject;
			attributes = {
				LastUpgradeCheck = 0450;
				ORGANIZATIONNAME = "Richard Inniss";
			};
			buildConfigurationList = 9D042E031671725500F52B34 /* Build configuration list for PBXProject "week3" */;
			compatibilityVersion = "Xcode 3.2";
			developmentRegion = English;
			hasScannedForEncodings = 0;
			knownRegions = (
				en,
			);
			mainGroup = 9D042DFE1671725500F52B34;
			productRefGroup = 9D042E0A1671725500F52B34 /* Products */;
			projectDirPath = "";
			projectRoot = "";
			targets = (
				9D042E081671725500F52B34 /* week3 */,
			);
		};
/* End PBXProject section */

/* Begin PBXResourcesBuildPhase section */
		9D042E071671725500F52B34 /* Resources */ = {
			isa = PBXResourcesBuildPhase;
			buildActionMask = 2147483647;
			files = (
				9D042E181671725500F52B34 /* InfoPlist.strings in Resources */,
				9D042E201671725500F52B34 /* Default.png in Resources */,
				9D042E221671725500F52B34 /* Default@2x.png in Resources */,
				9D042E241671725500F52B34 /* Default-568h@2x.png in Resources */,
				9D042E2A1671725500F52B34 /* ViewController.xib in Resources */,
				9D042E411671731E00F52B34 /* AddEventView.xib in Resources */,
			);
			runOnlyForDeploymentPostprocessing = 0;
		};
/* End PBXResourcesBuildPhase section */

/* Begin PBXSourcesBuildPhase section */
		9D042E051671725500F52B34 /* Sources */ = {
			isa = PBXSourcesBuildPhase;
			buildActionMask = 2147483647;
			files = (
				9D042E1A1671725500F52B34 /* main.m in Sources */,
				9D042E1E1671725500F52B34 /* AppDelegate.m in Sources */,
				9D042E271671725500F52B34 /* ViewController.m in Sources */,
				9D042E3A167172E500F52B34 /* AddEventView.m in Sources */,
			);
			runOnlyForDeploymentPostprocessing = 0;
		};
/* End PBXSourcesBuildPhase section */

/* Begin PBXVariantGroup section */
		9D042E161671725500F52B34 /* InfoPlist.strings */ = {
			isa = PBXVariantGroup;
			children = (
				9D042E171671725500F52B34 /* en */,
			);
			name = InfoPlist.strings;
			sourceTree = "<group>";
		};
		9D042E281671725500F52B34 /* ViewController.xib */ = {
			isa = PBXVariantGroup;
			children = (
				9D042E291671725500F52B34 /* en */,
			);
			name = ViewController.xib;
			sourceTree = "<group>";
		};
/* End PBXVariantGroup section */

/* Begin XCBuildConfiguration section */
		9D042E2B1671725500F52B34 /* Debug */ = {
			isa = XCBuildConfiguration;
			buildSettings = {
				ALWAYS_SEARCH_USER_PATHS = NO;
				CLANG_CXX_LANGUAGE_STANDARD = "gnu++0x";
				CLANG_CXX_LIBRARY = "libc++";
				CLANG_ENABLE_OBJC_ARC = YES;
				CLANG_WARN_EMPTY_BODY = YES;
				CLANG_WARN__DUPLICATE_METHOD_MATCH = YES;
				"CODE_SIGN_IDENTITY[sdk=iphoneos*]" = "iPhone Developer";
				COPY_PHASE_STRIP = NO;
				GCC_C_LANGUAGE_STANDARD = gnu99;
				GCC_DYNAMIC_NO_PIC = NO;
				GCC_OPTIMIZATION_LEVEL = 0;
				GCC_PREPROCESSOR_DEFINITIONS = (
					"DEBUG=1",
					"$(inherited)",
				);
				GCC_SYMBOLS_PRIVATE_EXTERN = NO;
				GCC_WARN_ABOUT_RETURN_TYPE = YES;
				GCC_WARN_UNINITIALIZED_AUTOS = YES;
				GCC_WARN_UNUSED_VARIABLE = YES;
				IPHONEOS_DEPLOYMENT_TARGET = 6.0;
				ONLY_ACTIVE_ARCH = YES;
				SDKROOT = iphoneos;
			};
			name = Debug;
		};
		9D042E2C1671725500F52B34 /* Release */ = {
			isa = XCBuildConfiguration;
			buildSettings = {
				ALWAYS_SEARCH_USER_PATHS = NO;
				CLANG_CXX_LANGUAGE_STANDARD = "gnu++0x";
				CLANG_CXX_LIBRARY = "libc++";
				CLANG_ENABLE_OBJC_ARC = YES;
				CLANG_WARN_EMPTY_BODY = YES;
				CLANG_WARN__DUPLICATE_METHOD_MATCH = YES;
				"CODE_SIGN_IDENTITY[sdk=iphoneos*]" = "iPhone Developer";
				COPY_PHASE_STRIP = YES;
				GCC_C_LANGUAGE_STANDARD = gnu99;
				GCC_WARN_ABOUT_RETURN_TYPE = YES;
				GCC_WARN_UNINITIALIZED_AUTOS = YES;
				GCC_WARN_UNUSED_VARIABLE = YES;
				IPHONEOS_DEPLOYMENT_TARGET = 6.0;
				OTHER_CFLAGS = "-DNS_BLOCK_ASSERTIONS=1";
				SDKROOT = iphoneos;
				VALIDATE_PRODUCT = YES;
			};
			name = Release;
		};
		9D042E2E1671725500F52B34 /* Debug */ = {
			isa = XCBuildConfiguration;
			buildSettings = {
				GCC_PRECOMPILE_PREFIX_HEADER = YES;
				GCC_PREFIX_HEADER = "week3/week3-Prefix.pch";
				INFOPLIST_FILE = "week3/week3-Info.plist";
				PRODUCT_NAME = "$(TARGET_NAME)";
				WRAPPER_EXTENSION = app;
			};
			name = Debug;
		};
		9D042E2F1671725500F52B34 /* Release */ = {
			isa = XCBuildConfiguration;
			buildSettings = {
				GCC_PRECOMPILE_PREFIX_HEADER = YES;
				GCC_PREFIX_HEADER = "week3/week3-Prefix.pch";
				INFOPLIST_FILE = "week3/week3-Info.plist";
				PRODUCT_NAME = "$(TARGET_NAME)";
				WRAPPER_EXTENSION = app;
			};
			name = Release;
		};
/* End XCBuildConfiguration section */

/* Begin XCConfigurationList section */
		9D042E031671725500F52B34 /* Build configuration list for PBXProject "week3" */ = {
			isa = XCConfigurationList;
			buildConfigurations = (
				9D042E2B1671725500F52B34 /* Debug */,
				9D042E2C1671725500F52B34 /* Release */,
			);
			defaultConfigurationIsVisible = 0;
			defaultConfigurationName = Release;
		};
		9D042E2D1671725500F52B34 /* Build configuration list for PBXNativeTarget "week3" */ = {
			isa = XCConfigurationList;
			buildConfigurations = (
				9D042E2E1671725500F52B34 /* Debug */,
				9D042E2F1671725500F52B34 /* Release */,
			);
			defaultConfigurationIsVisible = 0;
			defaultConfigurationName = Release;
		};
/* End XCConfigurationList section */
	};
	rootObject = 9D042E001671725500F52B34 /* Project object */;
}
