// !$*UTF8*$!
{
	archiveVersion = 1;
	classes = {
	};
	objectVersion = 46;
	objects = {

/* Begin PBXBuildFile section */
		9D7D914616669AB500CEBCF0 /* UIKit.framework in Frameworks */ = {isa = PBXBuildFile; fileRef = 9D7D914516669AB500CEBCF0 /* UIKit.framework */; };
		9D7D914816669AB500CEBCF0 /* Foundation.framework in Frameworks */ = {isa = PBXBuildFile; fileRef = 9D7D914716669AB500CEBCF0 /* Foundation.framework */; };
		9D7D914A16669AB500CEBCF0 /* CoreGraphics.framework in Frameworks */ = {isa = PBXBuildFile; fileRef = 9D7D914916669AB500CEBCF0 /* CoreGraphics.framework */; };
		9D7D915016669AB500CEBCF0 /* InfoPlist.strings in Resources */ = {isa = PBXBuildFile; fileRef = 9D7D914E16669AB500CEBCF0 /* InfoPlist.strings */; };
		9D7D915216669AB500CEBCF0 /* main.m in Sources */ = {isa = PBXBuildFile; fileRef = 9D7D915116669AB500CEBCF0 /* main.m */; };
		9D7D915616669AB500CEBCF0 /* AppDelegate.m in Sources */ = {isa = PBXBuildFile; fileRef = 9D7D915516669AB500CEBCF0 /* AppDelegate.m */; };
		9D7D915816669AB500CEBCF0 /* Default.png in Resources */ = {isa = PBXBuildFile; fileRef = 9D7D915716669AB500CEBCF0 /* Default.png */; };
		9D7D915A16669AB500CEBCF0 /* Default@2x.png in Resources */ = {isa = PBXBuildFile; fileRef = 9D7D915916669AB500CEBCF0 /* Default@2x.png */; };
		9D7D915C16669AB500CEBCF0 /* Default-568h@2x.png in Resources */ = {isa = PBXBuildFile; fileRef = 9D7D915B16669AB500CEBCF0 /* Default-568h@2x.png */; };
		9D7D915F16669AB500CEBCF0 /* ViewController.m in Sources */ = {isa = PBXBuildFile; fileRef = 9D7D915E16669AB500CEBCF0 /* ViewController.m */; };
		9D7D916216669AB500CEBCF0 /* ViewController.xib in Resources */ = {isa = PBXBuildFile; fileRef = 9D7D916016669AB500CEBCF0 /* ViewController.xib */; };
		9D7D91691666F8F000CEBCF0 /* SecondViewController.xib in Resources */ = {isa = PBXBuildFile; fileRef = 9D7D91681666F8F000CEBCF0 /* SecondViewController.xib */; };
		9D7D916C1666F98A00CEBCF0 /* SecondViewController.m in Sources */ = {isa = PBXBuildFile; fileRef = 9D7D916B1666F98A00CEBCF0 /* SecondViewController.m */; };
/* End PBXBuildFile section */

/* Begin PBXFileReference section */
		9D7D914116669AB500CEBCF0 /* Week2.app */ = {isa = PBXFileReference; explicitFileType = wrapper.application; includeInIndex = 0; path = Week2.app; sourceTree = BUILT_PRODUCTS_DIR; };
		9D7D914516669AB500CEBCF0 /* UIKit.framework */ = {isa = PBXFileReference; lastKnownFileType = wrapper.framework; name = UIKit.framework; path = System/Library/Frameworks/UIKit.framework; sourceTree = SDKROOT; };
		9D7D914716669AB500CEBCF0 /* Foundation.framework */ = {isa = PBXFileReference; lastKnownFileType = wrapper.framework; name = Foundation.framework; path = System/Library/Frameworks/Foundation.framework; sourceTree = SDKROOT; };
		9D7D914916669AB500CEBCF0 /* CoreGraphics.framework */ = {isa = PBXFileReference; lastKnownFileType = wrapper.framework; name = CoreGraphics.framework; path = System/Library/Frameworks/CoreGraphics.framework; sourceTree = SDKROOT; };
		9D7D914D16669AB500CEBCF0 /* Week2-Info.plist */ = {isa = PBXFileReference; lastKnownFileType = text.plist.xml; path = "Week2-Info.plist"; sourceTree = "<group>"; };
		9D7D914F16669AB500CEBCF0 /* en */ = {isa = PBXFileReference; lastKnownFileType = text.plist.strings; name = en; path = en.lproj/InfoPlist.strings; sourceTree = "<group>"; };
		9D7D915116669AB500CEBCF0 /* main.m */ = {isa = PBXFileReference; lastKnownFileType = sourcecode.c.objc; path = main.m; sourceTree = "<group>"; };
		9D7D915316669AB500CEBCF0 /* Week2-Prefix.pch */ = {isa = PBXFileReference; lastKnownFileType = sourcecode.c.h; path = "Week2-Prefix.pch"; sourceTree = "<group>"; };
		9D7D915416669AB500CEBCF0 /* AppDelegate.h */ = {isa = PBXFileReference; lastKnownFileType = sourcecode.c.h; path = AppDelegate.h; sourceTree = "<group>"; };
		9D7D915516669AB500CEBCF0 /* AppDelegate.m */ = {isa = PBXFileReference; lastKnownFileType = sourcecode.c.objc; path = AppDelegate.m; sourceTree = "<group>"; };
		9D7D915716669AB500CEBCF0 /* Default.png */ = {isa = PBXFileReference; lastKnownFileType = image.png; path = Default.png; sourceTree = "<group>"; };
		9D7D915916669AB500CEBCF0 /* Default@2x.png */ = {isa = PBXFileReference; lastKnownFileType = image.png; path = "Default@2x.png"; sourceTree = "<group>"; };
		9D7D915B16669AB500CEBCF0 /* Default-568h@2x.png */ = {isa = PBXFileReference; lastKnownFileType = image.png; path = "Default-568h@2x.png"; sourceTree = "<group>"; };
		9D7D915D16669AB500CEBCF0 /* ViewController.h */ = {isa = PBXFileReference; lastKnownFileType = sourcecode.c.h; path = ViewController.h; sourceTree = "<group>"; };
		9D7D915E16669AB500CEBCF0 /* ViewController.m */ = {isa = PBXFileReference; lastKnownFileType = sourcecode.c.objc; path = ViewController.m; sourceTree = "<group>"; };
		9D7D916116669AB500CEBCF0 /* en */ = {isa = PBXFileReference; lastKnownFileType = file.xib; name = en; path = en.lproj/ViewController.xib; sourceTree = "<group>"; };
		9D7D91681666F8F000CEBCF0 /* SecondViewController.xib */ = {isa = PBXFileReference; fileEncoding = 4; lastKnownFileType = file.xib; path = SecondViewController.xib; sourceTree = "<group>"; };
		9D7D916A1666F98A00CEBCF0 /* SecondViewController.h */ = {isa = PBXFileReference; fileEncoding = 4; lastKnownFileType = sourcecode.c.h; path = SecondViewController.h; sourceTree = "<group>"; };
		9D7D916B1666F98A00CEBCF0 /* SecondViewController.m */ = {isa = PBXFileReference; fileEncoding = 4; lastKnownFileType = sourcecode.c.objc; path = SecondViewController.m; sourceTree = "<group>"; };
/* End PBXFileReference section */

/* Begin PBXFrameworksBuildPhase section */
		9D7D913E16669AB500CEBCF0 /* Frameworks */ = {
			isa = PBXFrameworksBuildPhase;
			buildActionMask = 2147483647;
			files = (
				9D7D914616669AB500CEBCF0 /* UIKit.framework in Frameworks */,
				9D7D914816669AB500CEBCF0 /* Foundation.framework in Frameworks */,
				9D7D914A16669AB500CEBCF0 /* CoreGraphics.framework in Frameworks */,
			);
			runOnlyForDeploymentPostprocessing = 0;
		};
/* End PBXFrameworksBuildPhase section */

/* Begin PBXGroup section */
		9D7D913616669AB500CEBCF0 = {
			isa = PBXGroup;
			children = (
				9D7D914B16669AB500CEBCF0 /* Week2 */,
				9D7D914416669AB500CEBCF0 /* Frameworks */,
				9D7D914216669AB500CEBCF0 /* Products */,
			);
			sourceTree = "<group>";
		};
		9D7D914216669AB500CEBCF0 /* Products */ = {
			isa = PBXGroup;
			children = (
				9D7D914116669AB500CEBCF0 /* Week2.app */,
			);
			name = Products;
			sourceTree = "<group>";
		};
		9D7D914416669AB500CEBCF0 /* Frameworks */ = {
			isa = PBXGroup;
			children = (
				9D7D914516669AB500CEBCF0 /* UIKit.framework */,
				9D7D914716669AB500CEBCF0 /* Foundation.framework */,
				9D7D914916669AB500CEBCF0 /* CoreGraphics.framework */,
			);
			name = Frameworks;
			sourceTree = "<group>";
		};
		9D7D914B16669AB500CEBCF0 /* Week2 */ = {
			isa = PBXGroup;
			children = (
				9D7D915416669AB500CEBCF0 /* AppDelegate.h */,
				9D7D915516669AB500CEBCF0 /* AppDelegate.m */,
				9D7D915D16669AB500CEBCF0 /* ViewController.h */,
				9D7D915E16669AB500CEBCF0 /* ViewController.m */,
				9D7D916016669AB500CEBCF0 /* ViewController.xib */,
				9D7D914C16669AB500CEBCF0 /* Supporting Files */,
				9D7D91681666F8F000CEBCF0 /* SecondViewController.xib */,
				9D7D916A1666F98A00CEBCF0 /* SecondViewController.h */,
				9D7D916B1666F98A00CEBCF0 /* SecondViewController.m */,
			);
			path = Week2;
			sourceTree = "<group>";
		};
		9D7D914C16669AB500CEBCF0 /* Supporting Files */ = {
			isa = PBXGroup;
			children = (
				9D7D914D16669AB500CEBCF0 /* Week2-Info.plist */,
				9D7D914E16669AB500CEBCF0 /* InfoPlist.strings */,
				9D7D915116669AB500CEBCF0 /* main.m */,
				9D7D915316669AB500CEBCF0 /* Week2-Prefix.pch */,
				9D7D915716669AB500CEBCF0 /* Default.png */,
				9D7D915916669AB500CEBCF0 /* Default@2x.png */,
				9D7D915B16669AB500CEBCF0 /* Default-568h@2x.png */,
			);
			name = "Supporting Files";
			sourceTree = "<group>";
		};
/* End PBXGroup section */

/* Begin PBXNativeTarget section */
		9D7D914016669AB500CEBCF0 /* Week2 */ = {
			isa = PBXNativeTarget;
			buildConfigurationList = 9D7D916516669AB500CEBCF0 /* Build configuration list for PBXNativeTarget "Week2" */;
			buildPhases = (
				9D7D913D16669AB500CEBCF0 /* Sources */,
				9D7D913E16669AB500CEBCF0 /* Frameworks */,
				9D7D913F16669AB500CEBCF0 /* Resources */,
			);
			buildRules = (
			);
			dependencies = (
			);
			name = Week2;
			productName = Week2;
			productReference = 9D7D914116669AB500CEBCF0 /* Week2.app */;
			productType = "com.apple.product-type.application";
		};
/* End PBXNativeTarget section */

/* Begin PBXProject section */
		9D7D913816669AB500CEBCF0 /* Project object */ = {
			isa = PBXProject;
			attributes = {
				LastUpgradeCheck = 0450;
				ORGANIZATIONNAME = "Richard Inniss";
			};
			buildConfigurationList = 9D7D913B16669AB500CEBCF0 /* Build configuration list for PBXProject "Week2" */;
			compatibilityVersion = "Xcode 3.2";
			developmentRegion = English;
			hasScannedForEncodings = 0;
			knownRegions = (
				en,
			);
			mainGroup = 9D7D913616669AB500CEBCF0;
			productRefGroup = 9D7D914216669AB500CEBCF0 /* Products */;
			projectDirPath = "";
			projectRoot = "";
			targets = (
				9D7D914016669AB500CEBCF0 /* Week2 */,
			);
		};
/* End PBXProject section */

/* Begin PBXResourcesBuildPhase section */
		9D7D913F16669AB500CEBCF0 /* Resources */ = {
			isa = PBXResourcesBuildPhase;
			buildActionMask = 2147483647;
			files = (
				9D7D915016669AB500CEBCF0 /* InfoPlist.strings in Resources */,
				9D7D915816669AB500CEBCF0 /* Default.png in Resources */,
				9D7D915A16669AB500CEBCF0 /* Default@2x.png in Resources */,
				9D7D915C16669AB500CEBCF0 /* Default-568h@2x.png in Resources */,
				9D7D916216669AB500CEBCF0 /* ViewController.xib in Resources */,
				9D7D91691666F8F000CEBCF0 /* SecondViewController.xib in Resources */,
			);
			runOnlyForDeploymentPostprocessing = 0;
		};
/* End PBXResourcesBuildPhase section */

/* Begin PBXSourcesBuildPhase section */
		9D7D913D16669AB500CEBCF0 /* Sources */ = {
			isa = PBXSourcesBuildPhase;
			buildActionMask = 2147483647;
			files = (
				9D7D915216669AB500CEBCF0 /* main.m in Sources */,
				9D7D915616669AB500CEBCF0 /* AppDelegate.m in Sources */,
				9D7D915F16669AB500CEBCF0 /* ViewController.m in Sources */,
				9D7D916C1666F98A00CEBCF0 /* SecondViewController.m in Sources */,
			);
			runOnlyForDeploymentPostprocessing = 0;
		};
/* End PBXSourcesBuildPhase section */

/* Begin PBXVariantGroup section */
		9D7D914E16669AB500CEBCF0 /* InfoPlist.strings */ = {
			isa = PBXVariantGroup;
			children = (
				9D7D914F16669AB500CEBCF0 /* en */,
			);
			name = InfoPlist.strings;
			sourceTree = "<group>";
		};
		9D7D916016669AB500CEBCF0 /* ViewController.xib */ = {
			isa = PBXVariantGroup;
			children = (
				9D7D916116669AB500CEBCF0 /* en */,
			);
			name = ViewController.xib;
			sourceTree = "<group>";
		};
/* End PBXVariantGroup section */

/* Begin XCBuildConfiguration section */
		9D7D916316669AB500CEBCF0 /* Debug */ = {
			isa = XCBuildConfiguration;
			buildSettings = {
				ALWAYS_SEARCH_USER_PATHS = NO;
				CLANG_CXX_LANGUAGE_STANDARD = "gnu++0x";
				CLANG_CXX_LIBRARY = "libc++";
				CLANG_WARN_EMPTY_BODY = YES;
				CLANG_WARN__DUPLICATE_METHOD_MATCH = YES;
				"CODE_SIGN_IDENTITY[sdk=iphoneos*]" = "iPhone Developer";
				COPY_PHASE_STRIP = NO;
				GCC_C_LANGUAGE_STANDARD = gnu99;
				GCC_DYNAMIC_NO_PIC = NO;
				GCC_OPTIMIZATION_LEVEL = 0;
				GCC_PREPROCESSOR_DEFINITIONS = (
					"DEBUG=1",
					"$(inherited)",
				);
				GCC_SYMBOLS_PRIVATE_EXTERN = NO;
				GCC_WARN_ABOUT_RETURN_TYPE = YES;
				GCC_WARN_UNINITIALIZED_AUTOS = YES;
				GCC_WARN_UNUSED_VARIABLE = YES;
				IPHONEOS_DEPLOYMENT_TARGET = 6.0;
				ONLY_ACTIVE_ARCH = YES;
				SDKROOT = iphoneos;
			};
			name = Debug;
		};
		9D7D916416669AB500CEBCF0 /* Release */ = {
			isa = XCBuildConfiguration;
			buildSettings = {
				ALWAYS_SEARCH_USER_PATHS = NO;
				CLANG_CXX_LANGUAGE_STANDARD = "gnu++0x";
				CLANG_CXX_LIBRARY = "libc++";
				CLANG_WARN_EMPTY_BODY = YES;
				CLANG_WARN__DUPLICATE_METHOD_MATCH = YES;
				"CODE_SIGN_IDENTITY[sdk=iphoneos*]" = "iPhone Developer";
				COPY_PHASE_STRIP = YES;
				GCC_C_LANGUAGE_STANDARD = gnu99;
				GCC_WARN_ABOUT_RETURN_TYPE = YES;
				GCC_WARN_UNINITIALIZED_AUTOS = YES;
				GCC_WARN_UNUSED_VARIABLE = YES;
				IPHONEOS_DEPLOYMENT_TARGET = 6.0;
				OTHER_CFLAGS = "-DNS_BLOCK_ASSERTIONS=1";
				SDKROOT = iphoneos;
				VALIDATE_PRODUCT = YES;
			};
			name = Release;
		};
		9D7D916616669AB500CEBCF0 /* Debug */ = {
			isa = XCBuildConfiguration;
			buildSettings = {
				GCC_PRECOMPILE_PREFIX_HEADER = YES;
				GCC_PREFIX_HEADER = "Week2/Week2-Prefix.pch";
				INFOPLIST_FILE = "Week2/Week2-Info.plist";
				PRODUCT_NAME = "$(TARGET_NAME)";
				WRAPPER_EXTENSION = app;
			};
			name = Debug;
		};
		9D7D916716669AB500CEBCF0 /* Release */ = {
			isa = XCBuildConfiguration;
			buildSettings = {
				GCC_PRECOMPILE_PREFIX_HEADER = YES;
				GCC_PREFIX_HEADER = "Week2/Week2-Prefix.pch";
				INFOPLIST_FILE = "Week2/Week2-Info.plist";
				PRODUCT_NAME = "$(TARGET_NAME)";
				WRAPPER_EXTENSION = app;
			};
			name = Release;
		};
/* End XCBuildConfiguration section */

/* Begin XCConfigurationList section */
		9D7D913B16669AB500CEBCF0 /* Build configuration list for PBXProject "Week2" */ = {
			isa = XCConfigurationList;
			buildConfigurations = (
				9D7D916316669AB500CEBCF0 /* Debug */,
				9D7D916416669AB500CEBCF0 /* Release */,
			);
			defaultConfigurationIsVisible = 0;
			defaultConfigurationName = Release;
		};
		9D7D916516669AB500CEBCF0 /* Build configuration list for PBXNativeTarget "Week2" */ = {
			isa = XCConfigurationList;
			buildConfigurations = (
				9D7D916616669AB500CEBCF0 /* Debug */,
				9D7D916716669AB500CEBCF0 /* Release */,
			);
			defaultConfigurationIsVisible = 0;
		};
/* End XCConfigurationList section */
	};
	rootObject = 9D7D913816669AB500CEBCF0 /* Project object */;
}
